// !$*UTF8*$!
{
	archiveVersion = 1;
	classes = {
	};
	objectVersion = 46;
	objects = {

/* Begin PBXBuildFile section */
		D474B8931789C29E007C9259 /* main.c in Sources */ = {isa = PBXBuildFile; fileRef = D474B8921789C29E007C9259 /* main.c */; };
		D474B89E1789C34F007C9259 /* libstarjumper.a in Frameworks */ = {isa = PBXBuildFile; fileRef = D474B82B1789BB63007C9259 /* libstarjumper.a */; };
		D474B89F1789C34F007C9259 /* libsf.a in Frameworks */ = {isa = PBXBuildFile; fileRef = D474B8681789BD92007C9259 /* libsf.a */; };
		D4AA1DCF19A012C000F9F30E /* vgr_defs.h in Headers */ = {isa = PBXBuildFile; fileRef = D4AA1DB919A012C000F9F30E /* vgr_defs.h */; };
		D4AA1DD019A012C000F9F30E /* vgr_dice_throw.c in Sources */ = {isa = PBXBuildFile; fileRef = D4AA1DBA19A012C000F9F30E /* vgr_dice_throw.c */; };
		D4AA1DD119A012C000F9F30E /* vgr_dice_throw.h in Headers */ = {isa = PBXBuildFile; fileRef = D4AA1DBB19A012C000F9F30E /* vgr_dice_throw.h */; };
		D4AA1DD219A012C000F9F30E /* vgr_die_modifier.c in Sources */ = {isa = PBXBuildFile; fileRef = D4AA1DBC19A012C000F9F30E /* vgr_die_modifier.c */; };
		D4AA1DD319A012C000F9F30E /* vgr_die_modifier.h in Headers */ = {isa = PBXBuildFile; fileRef = D4AA1DBD19A012C000F9F30E /* vgr_die_modifier.h */; };
		D4AA1DD419A012C000F9F30E /* vgr_hex_coordinate.c in Sources */ = {isa = PBXBuildFile; fileRef = D4AA1DBE19A012C000F9F30E /* vgr_hex_coordinate.c */; };
		D4AA1DD519A012C000F9F30E /* vgr_hex_coordinate.h in Headers */ = {isa = PBXBuildFile; fileRef = D4AA1DBF19A012C000F9F30E /* vgr_hex_coordinate.h */; };
		D4AA1DD619A012C000F9F30E /* vgr_memory.c in Sources */ = {isa = PBXBuildFile; fileRef = D4AA1DC019A012C000F9F30E /* vgr_memory.c */; };
		D4AA1DD719A012C000F9F30E /* vgr_memory.h in Headers */ = {isa = PBXBuildFile; fileRef = D4AA1DC119A012C000F9F30E /* vgr_memory.h */; };
		D4AA1DD819A012C000F9F30E /* vgr_strarray.c in Sources */ = {isa = PBXBuildFile; fileRef = D4AA1DC219A012C000F9F30E /* vgr_strarray.c */; };
		D4AA1DD919A012C000F9F30E /* vgr_strarray.h in Headers */ = {isa = PBXBuildFile; fileRef = D4AA1DC319A012C000F9F30E /* vgr_strarray.h */; };
		D4AA1DDA19A012C000F9F30E /* vgr_string.c in Sources */ = {isa = PBXBuildFile; fileRef = D4AA1DC419A012C000F9F30E /* vgr_string.c */; };
		D4AA1DDB19A012C000F9F30E /* vgr_string.h in Headers */ = {isa = PBXBuildFile; fileRef = D4AA1DC519A012C000F9F30E /* vgr_string.h */; };
		D4AA1DDC19A012C000F9F30E /* vgr_trade_classification.c in Sources */ = {isa = PBXBuildFile; fileRef = D4AA1DC619A012C000F9F30E /* vgr_trade_classification.c */; };
		D4AA1DDD19A012C000F9F30E /* vgr_trade_classification.h in Headers */ = {isa = PBXBuildFile; fileRef = D4AA1DC719A012C000F9F30E /* vgr_trade_classification.h */; };
		D4AA1DDE19A012C000F9F30E /* vgr_world.c in Sources */ = {isa = PBXBuildFile; fileRef = D4AA1DC819A012C000F9F30E /* vgr_world.c */; };
		D4AA1DDF19A012C000F9F30E /* vgr_world.h in Headers */ = {isa = PBXBuildFile; fileRef = D4AA1DC919A012C000F9F30E /* vgr_world.h */; };
		D4AA1DE019A012C000F9F30E /* voyager.c in Sources */ = {isa = PBXBuildFile; fileRef = D4AA1DCA19A012C000F9F30E /* voyager.c */; };
		D4AA1DE119A012C000F9F30E /* voyager.h in Headers */ = {isa = PBXBuildFile; fileRef = D4AA1DCB19A012C000F9F30E /* voyager.h */; };
		D4AA1DE219A012C000F9F30E /* main.c in Sources */ = {isa = PBXBuildFile; fileRef = D4AA1DCD19A012C000F9F30E /* main.c */; };
/* End PBXBuildFile section */

/* Begin PBXContainerItemProxy section */
		D474B8671789BD92007C9259 /* PBXContainerItemProxy */ = {
			isa = PBXContainerItemProxy;
			containerPortal = D474B8601789BD91007C9259 /* libsf.xcodeproj */;
			proxyType = 2;
			remoteGlobalIDString = D4AA22591785505E00A80BBF;
			remoteInfo = libsf;
		};
		D474B8691789BD92007C9259 /* PBXContainerItemProxy */ = {
			isa = PBXContainerItemProxy;
			containerPortal = D474B8601789BD91007C9259 /* libsf.xcodeproj */;
			proxyType = 2;
			remoteGlobalIDString = D4F083CF17855239007BABBC;
			remoteInfo = libsf_test;
		};
		D474B86B1789BD92007C9259 /* PBXContainerItemProxy */ = {
			isa = PBXContainerItemProxy;
			containerPortal = D474B8601789BD91007C9259 /* libsf.xcodeproj */;
			proxyType = 2;
			remoteGlobalIDString = D4F084C61785554C007BABBC;
			remoteInfo = stress_tests;
		};
		D474B86D1789BD92007C9259 /* PBXContainerItemProxy */ = {
			isa = PBXContainerItemProxy;
			containerPortal = D474B8601789BD91007C9259 /* libsf.xcodeproj */;
			proxyType = 2;
			remoteGlobalIDString = D4F08474178554A9007BABBC;
			remoteInfo = unit_tests;
		};
		D474B88A1789BDC2007C9259 /* PBXContainerItemProxy */ = {
			isa = PBXContainerItemProxy;
			containerPortal = D474B8601789BD91007C9259 /* libsf.xcodeproj */;
			proxyType = 1;
			remoteGlobalIDString = D4AA22581785505E00A80BBF;
			remoteInfo = libsf;
		};
		D474B89A1789C348007C9259 /* PBXContainerItemProxy */ = {
			isa = PBXContainerItemProxy;
			containerPortal = D474B8231789BB63007C9259 /* Project object */;
			proxyType = 1;
			remoteGlobalIDString = D474B82A1789BB63007C9259;
			remoteInfo = libvoyager;
		};
		D474B89C1789C348007C9259 /* PBXContainerItemProxy */ = {
			isa = PBXContainerItemProxy;
			containerPortal = D474B8601789BD91007C9259 /* libsf.xcodeproj */;
			proxyType = 1;
			remoteGlobalIDString = D4AA22581785505E00A80BBF;
			remoteInfo = libsf;
		};
/* End PBXContainerItemProxy section */

/* Begin PBXCopyFilesBuildPhase section */
		D474B88E1789C29E007C9259 /* CopyFiles */ = {
			isa = PBXCopyFilesBuildPhase;
			buildActionMask = 2147483647;
			dstPath = /usr/share/man/man1/;
			dstSubfolderSpec = 0;
			files = (
			);
			runOnlyForDeploymentPostprocessing = 1;
		};
/* End PBXCopyFilesBuildPhase section */

/* Begin PBXFileReference section */
		D474B82B1789BB63007C9259 /* libstarjumper.a */ = {isa = PBXFileReference; explicitFileType = archive.ar; includeInIndex = 0; path = libstarjumper.a; sourceTree = BUILT_PRODUCTS_DIR; };
		D474B8601789BD91007C9259 /* libsf.xcodeproj */ = {isa = PBXFileReference; lastKnownFileType = "wrapper.pb-project"; name = libsf.xcodeproj; path = submodules/libsf/libsf.xcodeproj; sourceTree = "<group>"; };
		D474B8901789C29E007C9259 /* worldgen */ = {isa = PBXFileReference; explicitFileType = "compiled.mach-o.executable"; includeInIndex = 0; path = worldgen; sourceTree = BUILT_PRODUCTS_DIR; };
		D474B8921789C29E007C9259 /* main.c */ = {isa = PBXFileReference; lastKnownFileType = sourcecode.c.c; path = main.c; sourceTree = "<group>"; };
		D474B8991789C2DB007C9259 /* worldgen.6 */ = {isa = PBXFileReference; fileEncoding = 4; lastKnownFileType = text; path = worldgen.6; sourceTree = "<group>"; };
		D4AA1DB219A0112700F9F30E /* README.md */ = {isa = PBXFileReference; fileEncoding = 4; lastKnownFileType = net.daringfireball.markdown; path = README.md; sourceTree = "<group>"; };
		D4AA1DB919A012C000F9F30E /* vgr_defs.h */ = {isa = PBXFileReference; fileEncoding = 4; lastKnownFileType = sourcecode.c.h; path = vgr_defs.h; sourceTree = "<group>"; };
		D4AA1DBA19A012C000F9F30E /* vgr_dice_throw.c */ = {isa = PBXFileReference; fileEncoding = 4; lastKnownFileType = sourcecode.c.c; path = vgr_dice_throw.c; sourceTree = "<group>"; };
		D4AA1DBB19A012C000F9F30E /* vgr_dice_throw.h */ = {isa = PBXFileReference; fileEncoding = 4; lastKnownFileType = sourcecode.c.h; path = vgr_dice_throw.h; sourceTree = "<group>"; };
		D4AA1DBC19A012C000F9F30E /* vgr_die_modifier.c */ = {isa = PBXFileReference; fileEncoding = 4; lastKnownFileType = sourcecode.c.c; path = vgr_die_modifier.c; sourceTree = "<group>"; };
		D4AA1DBD19A012C000F9F30E /* vgr_die_modifier.h */ = {isa = PBXFileReference; fileEncoding = 4; lastKnownFileType = sourcecode.c.h; path = vgr_die_modifier.h; sourceTree = "<group>"; };
		D4AA1DBE19A012C000F9F30E /* vgr_hex_coordinate.c */ = {isa = PBXFileReference; fileEncoding = 4; lastKnownFileType = sourcecode.c.c; path = vgr_hex_coordinate.c; sourceTree = "<group>"; };
		D4AA1DBF19A012C000F9F30E /* vgr_hex_coordinate.h */ = {isa = PBXFileReference; fileEncoding = 4; lastKnownFileType = sourcecode.c.h; path = vgr_hex_coordinate.h; sourceTree = "<group>"; };
		D4AA1DC019A012C000F9F30E /* vgr_memory.c */ = {isa = PBXFileReference; fileEncoding = 4; lastKnownFileType = sourcecode.c.c; path = vgr_memory.c; sourceTree = "<group>"; };
		D4AA1DC119A012C000F9F30E /* vgr_memory.h */ = {isa = PBXFileReference; fileEncoding = 4; lastKnownFileType = sourcecode.c.h; path = vgr_memory.h; sourceTree = "<group>"; };
		D4AA1DC219A012C000F9F30E /* vgr_strarray.c */ = {isa = PBXFileReference; fileEncoding = 4; lastKnownFileType = sourcecode.c.c; path = vgr_strarray.c; sourceTree = "<group>"; };
		D4AA1DC319A012C000F9F30E /* vgr_strarray.h */ = {isa = PBXFileReference; fileEncoding = 4; lastKnownFileType = sourcecode.c.h; path = vgr_strarray.h; sourceTree = "<group>"; };
		D4AA1DC419A012C000F9F30E /* vgr_string.c */ = {isa = PBXFileReference; fileEncoding = 4; lastKnownFileType = sourcecode.c.c; path = vgr_string.c; sourceTree = "<group>"; };
		D4AA1DC519A012C000F9F30E /* vgr_string.h */ = {isa = PBXFileReference; fileEncoding = 4; lastKnownFileType = sourcecode.c.h; path = vgr_string.h; sourceTree = "<group>"; };
		D4AA1DC619A012C000F9F30E /* vgr_trade_classification.c */ = {isa = PBXFileReference; fileEncoding = 4; lastKnownFileType = sourcecode.c.c; path = vgr_trade_classification.c; sourceTree = "<group>"; };
		D4AA1DC719A012C000F9F30E /* vgr_trade_classification.h */ = {isa = PBXFileReference; fileEncoding = 4; lastKnownFileType = sourcecode.c.h; path = vgr_trade_classification.h; sourceTree = "<group>"; };
		D4AA1DC819A012C000F9F30E /* vgr_world.c */ = {isa = PBXFileReference; fileEncoding = 4; lastKnownFileType = sourcecode.c.c; path = vgr_world.c; sourceTree = "<group>"; };
		D4AA1DC919A012C000F9F30E /* vgr_world.h */ = {isa = PBXFileReference; fileEncoding = 4; lastKnownFileType = sourcecode.c.h; path = vgr_world.h; sourceTree = "<group>"; };
		D4AA1DCA19A012C000F9F30E /* voyager.c */ = {isa = PBXFileReference; fileEncoding = 4; lastKnownFileType = sourcecode.c.c; path = voyager.c; sourceTree = "<group>"; };
		D4AA1DCB19A012C000F9F30E /* voyager.h */ = {isa = PBXFileReference; fileEncoding = 4; lastKnownFileType = sourcecode.c.h; path = voyager.h; sourceTree = "<group>"; };
		D4AA1DCD19A012C000F9F30E /* main.c */ = {isa = PBXFileReference; fileEncoding = 4; lastKnownFileType = sourcecode.c.c; path = main.c; sourceTree = "<group>"; };
		D4AA1DCE19A012C000F9F30E /* worldgen.6 */ = {isa = PBXFileReference; fileEncoding = 4; lastKnownFileType = text; path = worldgen.6; sourceTree = "<group>"; };
/* End PBXFileReference section */

/* Begin PBXFrameworksBuildPhase section */
		D474B8281789BB63007C9259 /* Frameworks */ = {
			isa = PBXFrameworksBuildPhase;
			buildActionMask = 2147483647;
			files = (
			);
			runOnlyForDeploymentPostprocessing = 0;
		};
		D474B88D1789C29E007C9259 /* Frameworks */ = {
			isa = PBXFrameworksBuildPhase;
			buildActionMask = 2147483647;
			files = (
				D474B89E1789C34F007C9259 /* libstarjumper.a in Frameworks */,
				D474B89F1789C34F007C9259 /* libsf.a in Frameworks */,
			);
			runOnlyForDeploymentPostprocessing = 0;
		};
/* End PBXFrameworksBuildPhase section */

/* Begin PBXGroup section */
		D474B8221789BB63007C9259 = {
			isa = PBXGroup;
			children = (
				D4AA1DB719A012C000F9F30E /* libstarjumper */,
				D4AA1DB219A0112700F9F30E /* README.md */,
				D474B85D1789BD74007C9259 /* test */,
				D474B85F1789BD80007C9259 /* submodules */,
				D474B8911789C29E007C9259 /* worldgen */,
				D474B82C1789BB63007C9259 /* Products */,
			);
			sourceTree = "<group>";
		};
		D474B82C1789BB63007C9259 /* Products */ = {
			isa = PBXGroup;
			children = (
				D474B82B1789BB63007C9259 /* libstarjumper.a */,
				D474B8901789C29E007C9259 /* worldgen */,
			);
			name = Products;
			sourceTree = "<group>";
		};
		D474B85D1789BD74007C9259 /* test */ = {
			isa = PBXGroup;
			children = (
			);
			name = test;
			sourceTree = "<group>";
		};
		D474B85F1789BD80007C9259 /* submodules */ = {
			isa = PBXGroup;
			children = (
				D474B8601789BD91007C9259 /* libsf.xcodeproj */,
			);
			name = submodules;
			sourceTree = "<group>";
		};
		D474B8611789BD91007C9259 /* Products */ = {
			isa = PBXGroup;
			children = (
				D474B8681789BD92007C9259 /* libsf.a */,
				D474B86A1789BD92007C9259 /* libsf_test.a */,
				D474B86C1789BD92007C9259 /* stress_tests */,
				D474B86E1789BD92007C9259 /* unit_tests */,
			);
			name = Products;
			sourceTree = "<group>";
		};
		D474B8911789C29E007C9259 /* worldgen */ = {
			isa = PBXGroup;
			children = (
				D474B8921789C29E007C9259 /* main.c */,
				D474B8991789C2DB007C9259 /* worldgen.6 */,
			);
			path = worldgen;
			sourceTree = "<group>";
		};
		D4AA1DB719A012C000F9F30E /* libstarjumper */ = {
			isa = PBXGroup;
			children = (
				D4AA1DB819A012C000F9F30E /* voyager */,
				D4AA1DCC19A012C000F9F30E /* worldgen */,
			);
			path = libstarjumper;
			sourceTree = "<group>";
		};
		D4AA1DB819A012C000F9F30E /* voyager */ = {
			isa = PBXGroup;
			children = (
				D4AA1DB919A012C000F9F30E /* vgr_defs.h */,
				D4AA1DBA19A012C000F9F30E /* vgr_dice_throw.c */,
				D4AA1DBB19A012C000F9F30E /* vgr_dice_throw.h */,
				D4AA1DBC19A012C000F9F30E /* vgr_die_modifier.c */,
				D4AA1DBD19A012C000F9F30E /* vgr_die_modifier.h */,
				D4AA1DBE19A012C000F9F30E /* vgr_hex_coordinate.c */,
				D4AA1DBF19A012C000F9F30E /* vgr_hex_coordinate.h */,
				D4AA1DC019A012C000F9F30E /* vgr_memory.c */,
				D4AA1DC119A012C000F9F30E /* vgr_memory.h */,
				D4AA1DC219A012C000F9F30E /* vgr_strarray.c */,
				D4AA1DC319A012C000F9F30E /* vgr_strarray.h */,
				D4AA1DC419A012C000F9F30E /* vgr_string.c */,
				D4AA1DC519A012C000F9F30E /* vgr_string.h */,
				D4AA1DC619A012C000F9F30E /* vgr_trade_classification.c */,
				D4AA1DC719A012C000F9F30E /* vgr_trade_classification.h */,
				D4AA1DC819A012C000F9F30E /* vgr_world.c */,
				D4AA1DC919A012C000F9F30E /* vgr_world.h */,
				D4AA1DCA19A012C000F9F30E /* voyager.c */,
				D4AA1DCB19A012C000F9F30E /* voyager.h */,
			);
			path = voyager;
			sourceTree = "<group>";
		};
		D4AA1DCC19A012C000F9F30E /* worldgen */ = {
			isa = PBXGroup;
			children = (
				D4AA1DCD19A012C000F9F30E /* main.c */,
				D4AA1DCE19A012C000F9F30E /* worldgen.6 */,
			);
			path = worldgen;
			sourceTree = "<group>";
		};
/* End PBXGroup section */

/* Begin PBXHeadersBuildPhase section */
		D474B8291789BB63007C9259 /* Headers */ = {
			isa = PBXHeadersBuildPhase;
			buildActionMask = 2147483647;
			files = (
				D4AA1DD119A012C000F9F30E /* vgr_dice_throw.h in Headers */,
				D4AA1DD719A012C000F9F30E /* vgr_memory.h in Headers */,
				D4AA1DCF19A012C000F9F30E /* vgr_defs.h in Headers */,
				D4AA1DDD19A012C000F9F30E /* vgr_trade_classification.h in Headers */,
				D4AA1DDF19A012C000F9F30E /* vgr_world.h in Headers */,
				D4AA1DD919A012C000F9F30E /* vgr_strarray.h in Headers */,
				D4AA1DDB19A012C000F9F30E /* vgr_string.h in Headers */,
				D4AA1DD319A012C000F9F30E /* vgr_die_modifier.h in Headers */,
				D4AA1DE119A012C000F9F30E /* voyager.h in Headers */,
				D4AA1DD519A012C000F9F30E /* vgr_hex_coordinate.h in Headers */,
			);
			runOnlyForDeploymentPostprocessing = 0;
		};
/* End PBXHeadersBuildPhase section */

/* Begin PBXNativeTarget section */
		D474B82A1789BB63007C9259 /* libstarjumper */ = {
			isa = PBXNativeTarget;
			buildConfigurationList = D474B82F1789BB63007C9259 /* Build configuration list for PBXNativeTarget "libstarjumper" */;
			buildPhases = (
				D474B8271789BB63007C9259 /* Sources */,
				D474B8281789BB63007C9259 /* Frameworks */,
				D474B8291789BB63007C9259 /* Headers */,
			);
			buildRules = (
			);
			dependencies = (
				D474B88B1789BDC2007C9259 /* PBXTargetDependency */,
			);
			name = libstarjumper;
			productName = Voyager;
			productReference = D474B82B1789BB63007C9259 /* libstarjumper.a */;
			productType = "com.apple.product-type.library.static";
		};
		D474B88F1789C29E007C9259 /* worldgen */ = {
			isa = PBXNativeTarget;
			buildConfigurationList = D474B8961789C29E007C9259 /* Build configuration list for PBXNativeTarget "worldgen" */;
			buildPhases = (
				D474B88C1789C29E007C9259 /* Sources */,
				D474B88D1789C29E007C9259 /* Frameworks */,
				D474B88E1789C29E007C9259 /* CopyFiles */,
			);
			buildRules = (
			);
			dependencies = (
				D474B89B1789C348007C9259 /* PBXTargetDependency */,
				D474B89D1789C348007C9259 /* PBXTargetDependency */,
			);
			name = worldgen;
			productName = worldgen;
			productReference = D474B8901789C29E007C9259 /* worldgen */;
			productType = "com.apple.product-type.tool";
		};
/* End PBXNativeTarget section */

/* Begin PBXProject section */
		D474B8231789BB63007C9259 /* Project object */ = {
			isa = PBXProject;
			attributes = {
				LastUpgradeCheck = 0600;
				ORGANIZATIONNAME = "Don McCaughey";
			};
			buildConfigurationList = D474B8261789BB63007C9259 /* Build configuration list for PBXProject "Starjumper" */;
			compatibilityVersion = "Xcode 3.2";
			developmentRegion = English;
			hasScannedForEncodings = 0;
			knownRegions = (
				en,
			);
			mainGroup = D474B8221789BB63007C9259;
			productRefGroup = D474B82C1789BB63007C9259 /* Products */;
			projectDirPath = "";
			projectReferences = (
				{
					ProductGroup = D474B8611789BD91007C9259 /* Products */;
					ProjectRef = D474B8601789BD91007C9259 /* libsf.xcodeproj */;
				},
			);
			projectRoot = "";
			targets = (
				D474B82A1789BB63007C9259 /* libstarjumper */,
				D474B88F1789C29E007C9259 /* worldgen */,
			);
		};
/* End PBXProject section */

/* Begin PBXReferenceProxy section */
		D474B8681789BD92007C9259 /* libsf.a */ = {
			isa = PBXReferenceProxy;
			fileType = archive.ar;
			path = libsf.a;
			remoteRef = D474B8671789BD92007C9259 /* PBXContainerItemProxy */;
			sourceTree = BUILT_PRODUCTS_DIR;
		};
		D474B86A1789BD92007C9259 /* libsf_test.a */ = {
			isa = PBXReferenceProxy;
			fileType = archive.ar;
			path = libsf_test.a;
			remoteRef = D474B8691789BD92007C9259 /* PBXContainerItemProxy */;
			sourceTree = BUILT_PRODUCTS_DIR;
		};
		D474B86C1789BD92007C9259 /* stress_tests */ = {
			isa = PBXReferenceProxy;
			fileType = "compiled.mach-o.executable";
			path = stress_tests;
			remoteRef = D474B86B1789BD92007C9259 /* PBXContainerItemProxy */;
			sourceTree = BUILT_PRODUCTS_DIR;
		};
		D474B86E1789BD92007C9259 /* unit_tests */ = {
			isa = PBXReferenceProxy;
			fileType = "compiled.mach-o.executable";
			path = unit_tests;
			remoteRef = D474B86D1789BD92007C9259 /* PBXContainerItemProxy */;
			sourceTree = BUILT_PRODUCTS_DIR;
		};
/* End PBXReferenceProxy section */

/* Begin PBXSourcesBuildPhase section */
		D474B8271789BB63007C9259 /* Sources */ = {
			isa = PBXSourcesBuildPhase;
			buildActionMask = 2147483647;
			files = (
				D4AA1DD619A012C000F9F30E /* vgr_memory.c in Sources */,
				D4AA1DE219A012C000F9F30E /* main.c in Sources */,
				D4AA1DDC19A012C000F9F30E /* vgr_trade_classification.c in Sources */,
				D4AA1DD419A012C000F9F30E /* vgr_hex_coordinate.c in Sources */,
				D4AA1DDA19A012C000F9F30E /* vgr_string.c in Sources */,
				D4AA1DD819A012C000F9F30E /* vgr_strarray.c in Sources */,
				D4AA1DD019A012C000F9F30E /* vgr_dice_throw.c in Sources */,
				D4AA1DDE19A012C000F9F30E /* vgr_world.c in Sources */,
				D4AA1DE019A012C000F9F30E /* voyager.c in Sources */,
				D4AA1DD219A012C000F9F30E /* vgr_die_modifier.c in Sources */,
			);
			runOnlyForDeploymentPostprocessing = 0;
		};
		D474B88C1789C29E007C9259 /* Sources */ = {
			isa = PBXSourcesBuildPhase;
			buildActionMask = 2147483647;
			files = (
				D474B8931789C29E007C9259 /* main.c in Sources */,
			);
			runOnlyForDeploymentPostprocessing = 0;
		};
/* End PBXSourcesBuildPhase section */

/* Begin PBXTargetDependency section */
		D474B88B1789BDC2007C9259 /* PBXTargetDependency */ = {
			isa = PBXTargetDependency;
			name = libsf;
			targetProxy = D474B88A1789BDC2007C9259 /* PBXContainerItemProxy */;
		};
		D474B89B1789C348007C9259 /* PBXTargetDependency */ = {
			isa = PBXTargetDependency;
			target = D474B82A1789BB63007C9259 /* libstarjumper */;
			targetProxy = D474B89A1789C348007C9259 /* PBXContainerItemProxy */;
		};
		D474B89D1789C348007C9259 /* PBXTargetDependency */ = {
			isa = PBXTargetDependency;
			name = libsf;
			targetProxy = D474B89C1789C348007C9259 /* PBXContainerItemProxy */;
		};
/* End PBXTargetDependency section */

/* Begin XCBuildConfiguration section */
		D474B82D1789BB63007C9259 /* Debug */ = {
			isa = XCBuildConfiguration;
			buildSettings = {
				ALWAYS_SEARCH_USER_PATHS = NO;
				CLANG_CXX_LANGUAGE_STANDARD = "gnu++0x";
				CLANG_CXX_LIBRARY = "libc++";
				CLANG_ENABLE_OBJC_ARC = YES;
				CLANG_WARN_CONSTANT_CONVERSION = YES;
				CLANG_WARN_EMPTY_BODY = YES;
				CLANG_WARN_ENUM_CONVERSION = YES;
				CLANG_WARN_INT_CONVERSION = YES;
				CLANG_WARN__DUPLICATE_METHOD_MATCH = YES;
				COPY_PHASE_STRIP = NO;
				GCC_C_LANGUAGE_STANDARD = gnu99;
				GCC_DYNAMIC_NO_PIC = NO;
				GCC_ENABLE_OBJC_EXCEPTIONS = YES;
				GCC_OPTIMIZATION_LEVEL = 0;
				GCC_PREPROCESSOR_DEFINITIONS = (
					"DEBUG=1",
					"$(inherited)",
				);
				GCC_SYMBOLS_PRIVATE_EXTERN = NO;
				GCC_WARN_64_TO_32_BIT_CONVERSION = YES;
				GCC_WARN_ABOUT_RETURN_TYPE = YES;
				GCC_WARN_UNINITIALIZED_AUTOS = YES;
				GCC_WARN_UNUSED_VARIABLE = YES;
				MACOSX_DEPLOYMENT_TARGET = 10.8;
				ONLY_ACTIVE_ARCH = YES;
				SDKROOT = macosx;
			};
			name = Debug;
		};
		D474B82E1789BB63007C9259 /* Release */ = {
			isa = XCBuildConfiguration;
			buildSettings = {
				ALWAYS_SEARCH_USER_PATHS = NO;
				CLANG_CXX_LANGUAGE_STANDARD = "gnu++0x";
				CLANG_CXX_LIBRARY = "libc++";
				CLANG_ENABLE_OBJC_ARC = YES;
				CLANG_WARN_CONSTANT_CONVERSION = YES;
				CLANG_WARN_EMPTY_BODY = YES;
				CLANG_WARN_ENUM_CONVERSION = YES;
				CLANG_WARN_INT_CONVERSION = YES;
				CLANG_WARN__DUPLICATE_METHOD_MATCH = YES;
				COPY_PHASE_STRIP = YES;
				DEBUG_INFORMATION_FORMAT = "dwarf-with-dsym";
				GCC_C_LANGUAGE_STANDARD = gnu99;
				GCC_ENABLE_OBJC_EXCEPTIONS = YES;
				GCC_WARN_64_TO_32_BIT_CONVERSION = YES;
				GCC_WARN_ABOUT_RETURN_TYPE = YES;
				GCC_WARN_UNINITIALIZED_AUTOS = YES;
				GCC_WARN_UNUSED_VARIABLE = YES;
				MACOSX_DEPLOYMENT_TARGET = 10.8;
				SDKROOT = macosx;
			};
			name = Release;
		};
		D474B8301789BB63007C9259 /* Debug */ = {
			isa = XCBuildConfiguration;
			buildSettings = {
				COMBINE_HIDPI_IMAGES = YES;
				EXECUTABLE_PREFIX = "";
				HEADER_SEARCH_PATHS = (
					"$(SRCROOT)/libstarjumper",
					"$(SRCROOT)/submodules/libsf/src",
				);
				OTHER_CFLAGS = (
					"-D",
					VGR_COUNT_ALLOCS,
				);
				PRODUCT_NAME = "$(TARGET_NAME)";
			};
			name = Debug;
		};
		D474B8311789BB63007C9259 /* Release */ = {
			isa = XCBuildConfiguration;
			buildSettings = {
				COMBINE_HIDPI_IMAGES = YES;
				EXECUTABLE_PREFIX = "";
				HEADER_SEARCH_PATHS = (
					"$(SRCROOT)/libstarjumper",
					"$(SRCROOT)/submodules/libsf/src",
				);
				OTHER_CFLAGS = "";
				PRODUCT_NAME = "$(TARGET_NAME)";
			};
			name = Release;
		};
		D474B8971789C29E007C9259 /* Debug */ = {
			isa = XCBuildConfiguration;
			buildSettings = {
				HEADER_SEARCH_PATHS = (
					"$(SRCROOT)/libstarjumper",
					"$(SRCROOT)/submodules/libsf/src",
				);
				PRODUCT_NAME = "$(TARGET_NAME)";
			};
			name = Debug;
		};
		D474B8981789C29E007C9259 /* Release */ = {
			isa = XCBuildConfiguration;
			buildSettings = {
				HEADER_SEARCH_PATHS = (
					"$(SRCROOT)/libstarjumper",
					"$(SRCROOT)/submodules/libsf/src",
				);
				PRODUCT_NAME = "$(TARGET_NAME)";
			};
			name = Release;
		};
/* End XCBuildConfiguration section */

/* Begin XCConfigurationList section */
		D474B8261789BB63007C9259 /* Build configuration list for PBXProject "Starjumper" */ = {
			isa = XCConfigurationList;
			buildConfigurations = (
				D474B82D1789BB63007C9259 /* Debug */,
				D474B82E1789BB63007C9259 /* Release */,
			);
			defaultConfigurationIsVisible = 0;
			defaultConfigurationName = Release;
		};
		D474B82F1789BB63007C9259 /* Build configuration list for PBXNativeTarget "libstarjumper" */ = {
			isa = XCConfigurationList;
			buildConfigurations = (
				D474B8301789BB63007C9259 /* Debug */,
				D474B8311789BB63007C9259 /* Release */,
			);
			defaultConfigurationIsVisible = 0;
			defaultConfigurationName = Release;
		};
		D474B8961789C29E007C9259 /* Build configuration list for PBXNativeTarget "worldgen" */ = {
			isa = XCConfigurationList;
			buildConfigurations = (
				D474B8971789C29E007C9259 /* Debug */,
				D474B8981789C29E007C9259 /* Release */,
			);
			defaultConfigurationIsVisible = 0;
			defaultConfigurationName = Release;
		};
/* End XCConfigurationList section */
	};
	rootObject = D474B8231789BB63007C9259 /* Project object */;
}
